{
  "name": "nyccas-vis-demo",
  "version": "1.0.0",
  "lockfileVersion": 1,
  "requires": true,
  "dependencies": {
    "@types/geojson": {
      "version": "7946.0.10",
      "resolved": "https://registry.npmjs.org/@types/geojson/-/geojson-7946.0.10.tgz",
      "integrity": "sha512-Nmh0K3iWQJzniTuPRcJn5hxXkfB1T1pgB89SBig5PlJQU5yocazeu4jATJlaA0GYFKWMqDdvYemoSnF2pXgLVA=="
    },
    "@types/node": {
      "version": "18.11.9",
      "resolved": "https://registry.npmjs.org/@types/node/-/node-18.11.9.tgz",
      "integrity": "sha512-CRpX21/kGdzjOpFsZSkcrXMGIBWMGNIHXXBVFSH+ggkftxg+XYP20TESbh+zFvFj3EQOl5byk0HTRn1IL6hbqg=="
    },
    "chroma-js": {
      "version": "1.4.1",
      "resolved": "https://registry.npmjs.org/chroma-js/-/chroma-js-1.4.1.tgz",
      "integrity": "sha512-jTwQiT859RTFN/vIf7s+Vl/Z2LcMrvMv3WUFmd/4u76AdlFC0NTNgqEEFPcRiHmAswPsMiQEDZLM8vX8qXpZNQ=="
    },
    "dufour-peyton-intersection": {
      "version": "0.1.2",
      "resolved": "https://registry.npmjs.org/dufour-peyton-intersection/-/dufour-peyton-intersection-0.1.2.tgz",
      "integrity": "sha512-Q0XdwzclRl5JaAYHTZShFmofDeKPgrnki5KotDx4dJRfj63K1ikX/84ZYjkWjAz2xmDpcdRyL7O6PzNZF1HqOA==",
      "requires": {
        "get-depth": "^0.0.3"
      }
    },
    "geo-extent": {
      "version": "0.11.0",
      "resolved": "https://registry.npmjs.org/geo-extent/-/geo-extent-0.11.0.tgz",
      "integrity": "sha512-mKfMCrv2nzCcuJAajuTlbI3Ogl/75WYnrveXeQLFTsi2f8un5T5z56mjo+rJn/Y6rrr9Xd0Grspxq3TO0tJeOg==",
      "requires": {
        "get-epsg-code": "^0.0.7",
        "preciso": "^0.8.0",
        "reproject-bbox": "^0.4.1"
      }
    },
    "geocanvas": {
      "version": "0.3.1",
      "resolved": "https://registry.npmjs.org/geocanvas/-/geocanvas-0.3.1.tgz",
      "integrity": "sha512-JMQ1xQBuoO2W4XOsLdSg9PSRT5Ng9YsCUC/M5w0ZTzWFRle0Gs+bcyLYLqX0TCDYEx/6aqQS2y29MlfBvXSdGA==",
      "requires": {
        "geomask": "^0.3.5",
        "to-canvas": "^0.1.0",
        "xdim": "^1.5.2"
      }
    },
    "geomask": {
      "version": "0.3.5",
      "resolved": "https://registry.npmjs.org/geomask/-/geomask-0.3.5.tgz",
      "integrity": "sha512-jEX3kdN7xrsDCi334ZiSZqWhbDBPb/36AHKRQywELVeo/hkS8gxzyZ3O+Du4pr9vy5TOQInTeHfuHddx6Xw31Q==",
      "requires": {
        "dufour-peyton-intersection": "^0.1.1",
        "preciso": "^0.2.0",
        "reproject-geojson": "^0.1.2",
        "segflip": "^0.0.2"
      },
      "dependencies": {
        "preciso": {
          "version": "0.2.0",
          "resolved": "https://registry.npmjs.org/preciso/-/preciso-0.2.0.tgz",
          "integrity": "sha512-pOWoGt80FRXsZheEVzo7IkYXscwdK08AjTRAZ/jazcoXyPmP7squS//jh9/NKvRSC2KpneMUrJu2wCc1Zh2xFw=="
        }
      }
    },
    "georaster-layer-for-leaflet": {
      "version": "3.10.0",
      "resolved": "https://registry.npmjs.org/georaster-layer-for-leaflet/-/georaster-layer-for-leaflet-3.10.0.tgz",
      "integrity": "sha512-/wtRcVS+LMkJQJLD4hfv4XmFzFBPx7ybBXy3c6OuR7i7Xe2q+iMCM5i0TwjUO82zg8dI2ZT1lxivEyyfTTBung==",
      "requires": {
        "@types/geojson": "^7946.0.10",
        "@types/node": "^18.7.13",
        "chroma-js": "^1.4.1",
        "geo-extent": "^0.11.0",
        "geocanvas": "^0.3.1",
        "pixel-utils": "^0.7.0",
        "proj4-fully-loaded": "^0.1.0",
        "regenerator-runtime": "^0.13.9",
        "reproject-bbox": "^0.4.1",
        "snap-bbox": "^0.2.0",
        "utm-utils": "^0.1.0"
      }
    },
    "get-depth": {
      "version": "0.0.3",
      "resolved": "https://registry.npmjs.org/get-depth/-/get-depth-0.0.3.tgz",
      "integrity": "sha512-A0yWzxfqobOgDC/hGNwUYKfNlV8+WnU0EoHazVaXvLyp/I8e8f/Fx/HFS0r2i0RJ5mXj3YmyM8KSN4trtAdHvA=="
    },
    "get-epsg-code": {
      "version": "0.0.7",
      "resolved": "https://registry.npmjs.org/get-epsg-code/-/get-epsg-code-0.0.7.tgz",
      "integrity": "sha512-bfeZZ3GjgHR/UdkVA0j3nmu87/GslUllSk3XiTMb8qaw8RnX+5fFx29ShsYa47XSSm8at6drvz5qEqSVWmRoMg==",
      "requires": {
        "wkt-parser": "^1.2.3",
        "xml-utils": "0.0.2"
      }
    },
    "guess-image-layout": {
      "version": "0.0.3",
      "resolved": "https://registry.npmjs.org/guess-image-layout/-/guess-image-layout-0.0.3.tgz",
      "integrity": "sha512-NSyI66Ax/7StYZ8Vi1txnJn02pQBeZasbyhxpsYAGcst4sNp1ADWFs5qGmKWxT/llNCw52u9QaxqaFraoqzQ2g==",
      "requires": {
        "get-depth": "^0.0.3"
      }
    },
    "iter-fun": {
      "version": "0.2.0",
      "resolved": "https://registry.npmjs.org/iter-fun/-/iter-fun-0.2.0.tgz",
      "integrity": "sha512-8dYv+ptyps7LtrfqAYY8qqThAiX2eIDBGKc/kXdSrEMRJQoD8KhTOa+duECGghjsnkHEf9O8X6IS62jO+6xwhw=="
    },
    "mgrs": {
      "version": "1.0.0",
      "resolved": "https://registry.npmjs.org/mgrs/-/mgrs-1.0.0.tgz",
      "integrity": "sha512-awNbTOqCxK1DBGjalK3xqWIstBZgN6fxsMSiXLs9/spqWkF2pAhb2rrYCFSsr1/tT7PhcDGjZndG8SWYn0byYA=="
    },
    "pixel-utils": {
      "version": "0.7.0",
      "resolved": "https://registry.npmjs.org/pixel-utils/-/pixel-utils-0.7.0.tgz",
      "integrity": "sha512-bfXc8l67s3LMq5vR/8AcPIUcLLoM/Q59fTfV5un+OwuiAzH7ZXsh6xPf5DqPjlrxiGKtoQc//grssXUdiz29Dw==",
      "requires": {
        "quick-scale": "^0.1.0",
        "type-fest": "^2.17.0",
        "xdim": "^1.8.0"
      },
      "dependencies": {
        "type-fest": {
          "version": "2.19.0",
          "resolved": "https://registry.npmjs.org/type-fest/-/type-fest-2.19.0.tgz",
          "integrity": "sha512-RAH822pAdBgcNMAfWnCBU3CFZcfZ/i1eZjwFU/dsLKumyuuP3niueg2UAukXYF0E2AAoc82ZSSf9J0WQBinzHA=="
        }
      }
    },
    "preciso": {
      "version": "0.8.0",
      "resolved": "https://registry.npmjs.org/preciso/-/preciso-0.8.0.tgz",
      "integrity": "sha512-bSCrg5D95IPXXltZu36PdY4HwITyB5l+rVYMJSzWtfIWp+1+2lz2SW3HZm6ifQgEIWOmDbhihepo2NWOWLyP/Q=="
    },
    "proj4": {
      "version": "2.8.0",
      "resolved": "https://registry.npmjs.org/proj4/-/proj4-2.8.0.tgz",
      "integrity": "sha512-baC+YcD4xsSqJ+CpCZljj2gcQDhlKb+J+Zjv/2KSBwWNjk4M0pafgQsE+mWurd84tflMIsP+7j7mtIpFDHzQfQ==",
      "requires": {
        "mgrs": "1.0.0",
        "wkt-parser": "^1.3.1"
      }
    },
    "proj4-fully-loaded": {
      "version": "0.1.0",
      "resolved": "https://registry.npmjs.org/proj4-fully-loaded/-/proj4-fully-loaded-0.1.0.tgz",
      "integrity": "sha512-LfA3KHTqAAT1Nr73+atyEwiwHlWEOFWes71TwVlx1kTX0LpHWLKGGIozLY/sIgthoqq6Pf5n58RukdDyMKdRBw==",
      "requires": {
        "proj4": "^2.8.0",
        "proj4js-definitions": "^0.1.0"
      }
    },
    "proj4-merge": {
      "version": "0.1.1",
      "resolved": "https://registry.npmjs.org/proj4-merge/-/proj4-merge-0.1.1.tgz",
      "integrity": "sha512-Ac9W5jgOAqPRspA9fMuRuLs0weDuOCHK7nnd6yOAySzLaxrmq1ZxbCTKVt6pIEOPB3RpgcupBOU3KXmQM0m8rg=="
    },
    "proj4js-definitions": {
      "version": "0.1.0",
      "resolved": "https://registry.npmjs.org/proj4js-definitions/-/proj4js-definitions-0.1.0.tgz",
      "integrity": "sha512-qmyhkWihIa3E3ZiFsNxvap6oS5+zEH85felbe/YVFuCr1E2j5yUrNQUOU9UEbvKkRJW9kk0MhENtbW3+9Nnr3g=="
    },
    "quick-scale": {
      "version": "0.1.0",
      "resolved": "https://registry.npmjs.org/quick-scale/-/quick-scale-0.1.0.tgz",
      "integrity": "sha512-bIlJjYX72KWb5w6G8YMyHr2/DEOYtAbYs0l+qwQoVM3Jw/6QUkAUErjSCPgIg+jHbuH+pdUhqWjDwHpM7r72FQ=="
    },
    "regenerator-runtime": {
      "version": "0.13.11",
      "resolved": "https://registry.npmjs.org/regenerator-runtime/-/regenerator-runtime-0.13.11.tgz",
      "integrity": "sha512-kY1AZVr2Ra+t+piVaJ4gxaFaReZVH40AKNo7UCX6W+dEwBo/2oZJzqfuN1qLq1oL45o56cPaTXELwrTh8Fpggg=="
    },
    "reproject-bbox": {
      "version": "0.4.2",
      "resolved": "https://registry.npmjs.org/reproject-bbox/-/reproject-bbox-0.4.2.tgz",
      "integrity": "sha512-lu8nTA/IJORIQdB0AqOV6TjIkNwn4Y3QIZ8DU+lY/Z1TZrD6eMyLTGoX6+WKIc1e4xccb7KoyrUYVPe7mmiVsA==",
      "requires": {
        "proj4-fully-loaded": "^0.1.0",
        "proj4-merge": "^0.1.1"
      }
    },
    "reproject-geojson": {
      "version": "0.1.2",
      "resolved": "https://registry.npmjs.org/reproject-geojson/-/reproject-geojson-0.1.2.tgz",
      "integrity": "sha512-X72F4Ry/KXjuhf43KrTX8KoJtg7C4YaQ3m0nJLyR2wCAFIjaR4zzufbu/m7T+19D/iVf6BS/ReOaDG0LtC8wCw==",
      "requires": {
        "proj4-fully-loaded": "^0.0.4"
      },
      "dependencies": {
        "proj4-fully-loaded": {
          "version": "0.0.4",
          "resolved": "https://registry.npmjs.org/proj4-fully-loaded/-/proj4-fully-loaded-0.0.4.tgz",
          "integrity": "sha512-74v+nA/T6Hcilukd0nFNTNSEf6Up62jzpLssk4Pr6psRWy2nZCdFV90kb4ZjmbbqBqu7V4D8G9C5V54NixBK4g==",
          "requires": {
            "proj4": "^2.7.2",
            "proj4js-definitions": "^0.1.0"
          }
        }
      }
    },
    "segflip": {
      "version": "0.0.2",
      "resolved": "https://registry.npmjs.org/segflip/-/segflip-0.0.2.tgz",
      "integrity": "sha512-bIrjGbz/jI8FHDDoF7m5m+bATTSpZNNkjgr17+We8B9WFIUfm/eEj1kH15RVarGk3G/yYwHgHwziT2GZ6xFmoA=="
    },
    "snap-bbox": {
      "version": "0.2.0",
      "resolved": "https://registry.npmjs.org/snap-bbox/-/snap-bbox-0.2.0.tgz",
      "integrity": "sha512-sBK60xfdvcw967KB4SiE3rCfgMp/X/IJekkt7s1VsIK/dn8fg8LCfUaZ5ycgfaWOlpKAG8WZTjowR0uQ5qlAMg=="
    },
    "to-canvas": {
      "version": "0.1.0",
      "resolved": "https://registry.npmjs.org/to-canvas/-/to-canvas-0.1.0.tgz",
      "integrity": "sha512-YC9SdsBZssuhXGq1ARpQWKydAzKYaVLAyUPTWNcLSnQMu8Q6PaZPdcksrjWbEQdHuBT0Q8iDqZAWH/i4WxhmxQ==",
      "requires": {
        "to-image-data": "^0.0.2"
      }
    },
    "to-image-data": {
      "version": "0.0.2",
      "resolved": "https://registry.npmjs.org/to-image-data/-/to-image-data-0.0.2.tgz",
      "integrity": "sha512-98b4ByzM38vQxZqqTLBTnX0ElvN0oz2aM1zmuI2gShfCIfOLvWcYuyMpCQ/5iUh1ZWDPduKBfr6dIU7DqjGS0w==",
      "requires": {
        "guess-image-layout": "^0.0.3",
        "xdim": "^1.2.1"
      }
    },
    "type-fest": {
      "version": "3.2.0",
      "resolved": "https://registry.npmjs.org/type-fest/-/type-fest-3.2.0.tgz",
      "integrity": "sha512-Il3wdLRzWvbAEtocgxGQA9YOoRVeVUGOMBtel5LdEpNeEAol6GJTLw8GbX6Z8EIMfvfhoOXs2bwOijtAZdK5og=="
    },
    "utm-utils": {
      "version": "0.1.0",
      "resolved": "https://registry.npmjs.org/utm-utils/-/utm-utils-0.1.0.tgz",
      "integrity": "sha512-LA0ZZRrqfZu2FpPVXe71OIapOa80ObIHpCzVHb6qhyEgArn+giWegFDCA5yWElZqTHJ8BtdCnrZhGmz4zM5FPA=="
    },
    "wkt-parser": {
      "version": "1.3.2",
      "resolved": "https://registry.npmjs.org/wkt-parser/-/wkt-parser-1.3.2.tgz",
      "integrity": "sha512-A26BOOo7sHAagyxG7iuRhnKMO7Q3mEOiOT4oGUmohtN/Li5wameeU4S6f8vWw6NADTVKljBs8bzA8JPQgSEMVQ=="
    },
    "xdim": {
      "version": "1.10.0",
      "resolved": "https://registry.npmjs.org/xdim/-/xdim-1.10.0.tgz",
      "integrity": "sha512-DgLnTjoR7bxaOki65PS8cYlaPa81qwDMF1lMFrVwFN3sjxqi+1nJBbtIzX/Npi13gEw/Yll7Fd+dyKSazwdeOA==",
      "requires": {
        "iter-fun": "^0.2.0",
        "type-fest": "^3.2.0"
      }
    },
    "xml-utils": {
      "version": "0.0.2",
      "resolved": "https://registry.npmjs.org/xml-utils/-/xml-utils-0.0.2.tgz",
      "integrity": "sha512-WBtuDXSXGW3QiP9DBXUS45OqphjQwoI3lRGs1tPZaseze2nY+Ehn0rMV9+2Qzs0ba3d5/DPyzwxmfHhRKwRs5g=="
    }
  }
}
